
Microsoft Visual Studio Solution File, Format Version 12.00
# Visual Studio Version 17
VisualStudioVersion = 17.14.36408.4
MinimumVisualStudioVersion = 10.0.40219.1
Project("{8BC9CEB8-8B4A-11D0-8D11-00A0C91BC942}") = "GGLib", "GGLib\GGLib.vcxproj", "{052B065E-41C2-4445-A5C9-E028EFF94BD2}"
EndProject
Project("{8BC9CEB8-8B4A-11D0-8D11-00A0C91BC942}") = "Demo_Noise", "Demo_Noise\Demo_Noise.vcxproj", "{A678D7A7-7397-44AE-9441-B4C90BFA689E}"
EndProject
Project("{8BC9CEB8-8B4A-11D0-8D11-00A0C91BC942}") = "Demo_Sandbox", "Demo_Sandbox\Demo_Sandbox.vcxproj", "{F8DD8BC0-ABCE-460B-B467-ED10B48B7DF8}"
EndProject
Project("{8BC9CEB8-8B4A-11D0-8D11-00A0C91BC942}") = "Demo_Scrollables", "Demo_Scrollables\Demo_Scrollables.vcxproj", "{BED64FDB-6827-4DCF-BC49-F7F768E04099}"
EndProject
Project("{8BC9CEB8-8B4A-11D0-8D11-00A0C91BC942}") = "Demo_ManyControls", "Demo_ManyControls\Demo_ManyControls.vcxproj", "{709DA291-4239-4CF6-B6CA-2C3E34B8B145}"
EndProject
Global
	GlobalSection(SolutionConfigurationPlatforms) = preSolution
		Debug|x64 = Debug|x64
		Debug|x86 = Debug|x86
		Release|x64 = Release|x64
		Release|x86 = Release|x86
	EndGlobalSection
	GlobalSection(ProjectConfigurationPlatforms) = postSolution
		{052B065E-41C2-4445-A5C9-E028EFF94BD2}.Debug|x64.ActiveCfg = Debug|x64
		{052B065E-41C2-4445-A5C9-E028EFF94BD2}.Debug|x64.Build.0 = Debug|x64
		{052B065E-41C2-4445-A5C9-E028EFF94BD2}.Debug|x86.ActiveCfg = Debug|Win32
		{052B065E-41C2-4445-A5C9-E028EFF94BD2}.Debug|x86.Build.0 = Debug|Win32
		{052B065E-41C2-4445-A5C9-E028EFF94BD2}.Release|x64.ActiveCfg = Release|x64
		{052B065E-41C2-4445-A5C9-E028EFF94BD2}.Release|x64.Build.0 = Release|x64
		{052B065E-41C2-4445-A5C9-E028EFF94BD2}.Release|x86.ActiveCfg = Release|Win32
		{052B065E-41C2-4445-A5C9-E028EFF94BD2}.Release|x86.Build.0 = Release|Win32
		{A678D7A7-7397-44AE-9441-B4C90BFA689E}.Debug|x64.ActiveCfg = Debug|x64
		{A678D7A7-7397-44AE-9441-B4C90BFA689E}.Debug|x64.Build.0 = Debug|x64
		{A678D7A7-7397-44AE-9441-B4C90BFA689E}.Debug|x86.ActiveCfg = Debug|Win32
		{A678D7A7-7397-44AE-9441-B4C90BFA689E}.Debug|x86.Build.0 = Debug|Win32
		{A678D7A7-7397-44AE-9441-B4C90BFA689E}.Release|x64.ActiveCfg = Release|x64
		{A678D7A7-7397-44AE-9441-B4C90BFA689E}.Release|x64.Build.0 = Release|x64
		{A678D7A7-7397-44AE-9441-B4C90BFA689E}.Release|x86.ActiveCfg = Release|Win32
		{A678D7A7-7397-44AE-9441-B4C90BFA689E}.Release|x86.Build.0 = Release|Win32
		{F8DD8BC0-ABCE-460B-B467-ED10B48B7DF8}.Debug|x64.ActiveCfg = Debug|x64
		{F8DD8BC0-ABCE-460B-B467-ED10B48B7DF8}.Debug|x64.Build.0 = Debug|x64
		{F8DD8BC0-ABCE-460B-B467-ED10B48B7DF8}.Debug|x86.ActiveCfg = Debug|Win32
		{F8DD8BC0-ABCE-460B-B467-ED10B48B7DF8}.Debug|x86.Build.0 = Debug|Win32
		{F8DD8BC0-ABCE-460B-B467-ED10B48B7DF8}.Release|x64.ActiveCfg = Release|x64
		{F8DD8BC0-ABCE-460B-B467-ED10B48B7DF8}.Release|x64.Build.0 = Release|x64
		{F8DD8BC0-ABCE-460B-B467-ED10B48B7DF8}.Release|x86.ActiveCfg = Release|Win32
		{F8DD8BC0-ABCE-460B-B467-ED10B48B7DF8}.Release|x86.Build.0 = Release|Win32
		{BED64FDB-6827-4DCF-BC49-F7F768E04099}.Debug|x64.ActiveCfg = Debug|x64
		{BED64FDB-6827-4DCF-BC49-F7F768E04099}.Debug|x64.Build.0 = Debug|x64
		{BED64FDB-6827-4DCF-BC49-F7F768E04099}.Debug|x86.ActiveCfg = Debug|Win32
		{BED64FDB-6827-4DCF-BC49-F7F768E04099}.Debug|x86.Build.0 = Debug|Win32
		{BED64FDB-6827-4DCF-BC49-F7F768E04099}.Release|x64.ActiveCfg = Release|x64
		{BED64FDB-6827-4DCF-BC49-F7F768E04099}.Release|x64.Build.0 = Release|x64
		{BED64FDB-6827-4DCF-BC49-F7F768E04099}.Release|x86.ActiveCfg = Release|Win32
		{BED64FDB-6827-4DCF-BC49-F7F768E04099}.Release|x86.Build.0 = Release|Win32
		{709DA291-4239-4CF6-B6CA-2C3E34B8B145}.Debug|x64.ActiveCfg = Debug|x64
		{709DA291-4239-4CF6-B6CA-2C3E34B8B145}.Debug|x64.Build.0 = Debug|x64
		{709DA291-4239-4CF6-B6CA-2C3E34B8B145}.Debug|x86.ActiveCfg = Debug|Win32
		{709DA291-4239-4CF6-B6CA-2C3E34B8B145}.Debug|x86.Build.0 = Debug|Win32
		{709DA291-4239-4CF6-B6CA-2C3E34B8B145}.Release|x64.ActiveCfg = Release|x64
		{709DA291-4239-4CF6-B6CA-2C3E34B8B145}.Release|x64.Build.0 = Release|x64
		{709DA291-4239-4CF6-B6CA-2C3E34B8B145}.Release|x86.ActiveCfg = Release|Win32
		{709DA291-4239-4CF6-B6CA-2C3E34B8B145}.Release|x86.Build.0 = Release|Win32
	EndGlobalSection
	GlobalSection(SolutionProperties) = preSolution
		HideSolutionNode = FALSE
	EndGlobalSection
	GlobalSection(ExtensibilityGlobals) = postSolution
		SolutionGuid = {A849C35C-64BC-4C4E-96D8-80CAA3134FCC}
	EndGlobalSection
EndGlobal
