<?xml version="1.0" encoding="utf-8"?>
<Project ToolsVersion="4.0" xmlns="http://schemas.microsoft.com/developer/msbuild/2003">
  <ItemGroup>
    <Filter Include="Source Files">
      <UniqueIdentifier>{4FC737F1-C7A5-4376-A066-2A32D752A2FF}</UniqueIdentifier>
      <Extensions>cpp;c;cc;cxx;c++;cppm;ixx;def;odl;idl;hpj;bat;asm;asmx</Extensions>
    </Filter>
    <Filter Include="Header Files">
      <UniqueIdentifier>{93995380-89BD-4b04-88EB-625FBE52EBFB}</UniqueIdentifier>
      <Extensions>h;hh;hpp;hxx;h++;hm;inl;inc;ipp;xsd</Extensions>
    </Filter>
    <Filter Include="Resource Files">
      <UniqueIdentifier>{67DA6AB6-F800-4c08-8B7A-83BB121AAD01}</UniqueIdentifier>
      <Extensions>rc;ico;cur;bmp;dlg;rc2;rct;bin;rgs;gif;jpg;jpeg;jpe;resx;tiff;tif;png;wav;mfcribbon-ms</Extensions>
    </Filter>
    <Filter Include="Header Files\UI">
      <UniqueIdentifier>{b0fff9a1-12db-4942-8804-914cd895c1e7}</UniqueIdentifier>
    </Filter>
    <Filter Include="Header Files\UI\Controls">
      <UniqueIdentifier>{81759175-d95b-4d46-8743-9136f0968ac6}</UniqueIdentifier>
    </Filter>
    <Filter Include="Header Files\UI\FileDialogs">
      <UniqueIdentifier>{9a01ddf7-8258-4a51-8dc1-cade7840a57a}</UniqueIdentifier>
    </Filter>
    <Filter Include="Header Files\UI\Visitors">
      <UniqueIdentifier>{896ebed2-921e-44ec-a153-20c1a84a5b6b}</UniqueIdentifier>
    </Filter>
    <Filter Include="Header Files\Utilities">
      <UniqueIdentifier>{a17e5074-1238-4081-95f0-e927e7da5001}</UniqueIdentifier>
    </Filter>
    <Filter Include="Header Files\MoreMath">
      <UniqueIdentifier>{4f607b64-11c2-4983-a37c-dcbe7cd7656a}</UniqueIdentifier>
    </Filter>
    <Filter Include="Header Files\Rendering">
      <UniqueIdentifier>{a6c71892-b9cc-4611-b71c-bba932ca702b}</UniqueIdentifier>
    </Filter>
    <Filter Include="Header Files\Input">
      <UniqueIdentifier>{178b3b34-4a6a-4381-8793-5377aee4b19e}</UniqueIdentifier>
    </Filter>
    <Filter Include="Header Files\AssetManagement">
      <UniqueIdentifier>{ccf179b0-34b7-42e6-902d-4cb725f9813f}</UniqueIdentifier>
    </Filter>
    <Filter Include="Header Files\Core">
      <UniqueIdentifier>{6ecab212-196a-4870-9564-ad0907ef9b0e}</UniqueIdentifier>
    </Filter>
    <Filter Include="Source Files\MoreMath">
      <UniqueIdentifier>{55dd85ae-fe2a-47d3-b2bc-bf436eb6dc4a}</UniqueIdentifier>
    </Filter>
    <Filter Include="Source Files\Core">
      <UniqueIdentifier>{522c9b0f-33c3-4c27-9edf-b9c476ec634a}</UniqueIdentifier>
    </Filter>
    <Filter Include="Source Files\UI">
      <UniqueIdentifier>{2e079761-4f33-4ecd-8294-47ad504e76a1}</UniqueIdentifier>
    </Filter>
    <Filter Include="Source Files\Input">
      <UniqueIdentifier>{0746872a-3bbe-455f-89bc-dcf226c7317b}</UniqueIdentifier>
    </Filter>
    <Filter Include="Source Files\AssetManagement">
      <UniqueIdentifier>{8da2ff89-90f0-4317-b172-74f9186eb907}</UniqueIdentifier>
    </Filter>
    <Filter Include="Source Files\Utilities">
      <UniqueIdentifier>{99c773bf-d0fa-4f2d-a877-dd7ae6cedd3c}</UniqueIdentifier>
    </Filter>
    <Filter Include="Source Files\Rendering">
      <UniqueIdentifier>{88be925a-387f-4563-882f-0da174bb1f93}</UniqueIdentifier>
    </Filter>
    <Filter Include="Source Files\UI\Controls">
      <UniqueIdentifier>{83937e1c-72c9-47c9-8c97-762061197753}</UniqueIdentifier>
    </Filter>
    <Filter Include="Source Files\UI\FileDialogs">
      <UniqueIdentifier>{c8697e64-44ca-43df-89ea-1b0b3d7d18bf}</UniqueIdentifier>
    </Filter>
    <Filter Include="Source Files\UI\Visitors">
      <UniqueIdentifier>{4bf9b274-9893-4ceb-9254-2db1a8f37a83}</UniqueIdentifier>
    </Filter>
  </ItemGroup>
  <ItemGroup>
    <ClInclude Include="include\GG\UI\Controls\Button.h">
      <Filter>Header Files\UI\Controls</Filter>
    </ClInclude>
    <ClInclude Include="include\GG\UI\Controls\Checkbox.h">
      <Filter>Header Files\UI\Controls</Filter>
    </ClInclude>
    <ClInclude Include="include\GG\UI\Controls\Combobox.h">
      <Filter>Header Files\UI\Controls</Filter>
    </ClInclude>
    <ClInclude Include="include\GG\UI\Controls\Label.h">
      <Filter>Header Files\UI\Controls</Filter>
    </ClInclude>
    <ClInclude Include="include\GG\UI\Controls\Slider.h">
      <Filter>Header Files\UI\Controls</Filter>
    </ClInclude>
    <ClInclude Include="include\GG\UI\Controls\Textbox.h">
      <Filter>Header Files\UI\Controls</Filter>
    </ClInclude>
    <ClInclude Include="include\GG\UI\Controls\Toggle.h">
      <Filter>Header Files\UI\Controls</Filter>
    </ClInclude>
    <ClInclude Include="include\GG\UI\Controls\HorizontalDivider.h">
      <Filter>Header Files\UI\Controls</Filter>
    </ClInclude>
    <ClInclude Include="include\GG\UI\Controls\HorizontalSpacer.h">
      <Filter>Header Files\UI\Controls</Filter>
    </ClInclude>
    <ClInclude Include="include\GG\UI\FileDialogs\FileDialog.h">
      <Filter>Header Files\UI\FileDialogs</Filter>
    </ClInclude>
    <ClInclude Include="include\GG\UI\FileDialogs\OpenFileDialog.h">
      <Filter>Header Files\UI\FileDialogs</Filter>
    </ClInclude>
    <ClInclude Include="include\GG\UI\FileDialogs\OpenFolderDialog.h">
      <Filter>Header Files\UI\FileDialogs</Filter>
    </ClInclude>
    <ClInclude Include="include\GG\UI\FileDialogs\SaveFileDialog.h">
      <Filter>Header Files\UI\FileDialogs</Filter>
    </ClInclude>
    <ClInclude Include="include\GG\UI\Visitors\Visitor.h">
      <Filter>Header Files\UI\Visitors</Filter>
    </ClInclude>
    <ClInclude Include="include\GG\Utilities\Timer.h">
      <Filter>Header Files\Utilities</Filter>
    </ClInclude>
    <ClInclude Include="include\GG\MoreMath\Vec2D.h">
      <Filter>Header Files\MoreMath</Filter>
    </ClInclude>
    <ClInclude Include="include\GG\MoreMath\Vec3D.h">
      <Filter>Header Files\MoreMath</Filter>
    </ClInclude>
    <ClInclude Include="include\GG\MoreMath\MoreMath.h">
      <Filter>Header Files\MoreMath</Filter>
    </ClInclude>
    <ClInclude Include="include\GG\Rendering\Canvas.h">
      <Filter>Header Files\Rendering</Filter>
    </ClInclude>
    <ClInclude Include="include\GG\Rendering\Text.h">
      <Filter>Header Files\Rendering</Filter>
    </ClInclude>
    <ClInclude Include="include\GG\UI\Element.h">
      <Filter>Header Files\UI</Filter>
    </ClInclude>
    <ClInclude Include="include\GG\UI\Enums.h">
      <Filter>Header Files\UI</Filter>
    </ClInclude>
    <ClInclude Include="include\GG\UI\Control.h">
      <Filter>Header Files\UI</Filter>
    </ClInclude>
    <ClInclude Include="include\GG\UI\Container.h">
      <Filter>Header Files\UI</Filter>
    </ClInclude>
    <ClInclude Include="include\GG\UI\UI.h">
      <Filter>Header Files\UI</Filter>
    </ClInclude>
    <ClInclude Include="include\GG\Input\DragManager.h">
      <Filter>Header Files\Input</Filter>
    </ClInclude>
    <ClInclude Include="include\GG\Input\InputManager.h">
      <Filter>Header Files\Input</Filter>
    </ClInclude>
    <ClInclude Include="include\GG\AssetManagement\AssetManager.h">
      <Filter>Header Files\AssetManagement</Filter>
    </ClInclude>
    <ClInclude Include="include\GG\AssetManagement\AudioManager.h">
      <Filter>Header Files\AssetManagement</Filter>
    </ClInclude>
    <ClInclude Include="include\GG\AssetManagement\TextFile.h">
      <Filter>Header Files\AssetManagement</Filter>
    </ClInclude>
    <ClInclude Include="include\GG\Core\Application.h">
      <Filter>Header Files\Core</Filter>
    </ClInclude>
    <ClInclude Include="include\GG\Core\InitsSDL.h">
      <Filter>Header Files\Core</Filter>
    </ClInclude>
    <ClInclude Include="include\GG\Core\Window.h">
      <Filter>Header Files\Core</Filter>
    </ClInclude>
  </ItemGroup>
  <ItemGroup>
    <ClCompile Include="source\UI\Visitors\Visitor.cpp">
      <Filter>Source Files\UI\Visitors</Filter>
    </ClCompile>
    <ClCompile Include="source\UI\Visitors\Visitor_Autosize_Horizontal.cpp">
      <Filter>Source Files\UI\Visitors</Filter>
    </ClCompile>
    <ClCompile Include="source\UI\Visitors\Visitor_Autosize_Vertical.cpp">
      <Filter>Source Files\UI\Visitors</Filter>
    </ClCompile>
    <ClCompile Include="source\UI\Visitors\Visitor_CalculateMinimumSizing.cpp">
      <Filter>Source Files\UI\Visitors</Filter>
    </ClCompile>
    <ClCompile Include="source\UI\Visitors\Visitor_DestroySelfAndChildren.cpp">
      <Filter>Source Files\UI\Visitors</Filter>
    </ClCompile>
    <ClCompile Include="source\UI\Visitors\Visitor_GetChildren.cpp">
      <Filter>Source Files\UI\Visitors</Filter>
    </ClCompile>
    <ClCompile Include="source\UI\Visitors\Visitor_GrowShrink_Horizontal.cpp">
      <Filter>Source Files\UI\Visitors</Filter>
    </ClCompile>
    <ClCompile Include="source\UI\Visitors\Visitor_GrowShrink_Vertical.cpp">
      <Filter>Source Files\UI\Visitors</Filter>
    </ClCompile>
    <ClCompile Include="source\UI\Visitors\Visitor_Positions.cpp">
      <Filter>Source Files\UI\Visitors</Filter>
    </ClCompile>
    <ClCompile Include="source\UI\Visitors\Visitor_SetInputManager.cpp">
      <Filter>Source Files\UI\Visitors</Filter>
    </ClCompile>
    <ClCompile Include="source\UI\Visitors\Visitor_WrapText.cpp">
      <Filter>Source Files\UI\Visitors</Filter>
    </ClCompile>
    <ClCompile Include="source\UI\FileDialogs\FileDialog.cpp">
      <Filter>Source Files\UI\FileDialogs</Filter>
    </ClCompile>
    <ClCompile Include="source\UI\FileDialogs\OpenFileDialog.cpp">
      <Filter>Source Files\UI\FileDialogs</Filter>
    </ClCompile>
    <ClCompile Include="source\UI\FileDialogs\OpenFolderDialog.cpp">
      <Filter>Source Files\UI\FileDialogs</Filter>
    </ClCompile>
    <ClCompile Include="source\UI\FileDialogs\SaveFileDialog.cpp">
      <Filter>Source Files\UI\FileDialogs</Filter>
    </ClCompile>
    <ClCompile Include="source\Core\Application.cpp">
      <Filter>Source Files\Core</Filter>
    </ClCompile>
    <ClCompile Include="source\AssetManagement\AssetManager.cpp">
      <Filter>Source Files\AssetManagement</Filter>
    </ClCompile>
    <ClCompile Include="source\AssetManagement\AudioManager.cpp">
      <Filter>Source Files\AssetManagement</Filter>
    </ClCompile>
    <ClCompile Include="source\UI\Controls\Button.cpp">
      <Filter>Source Files\UI\Controls</Filter>
    </ClCompile>
    <ClCompile Include="source\Rendering\Canvas.cpp">
      <Filter>Source Files\Rendering</Filter>
    </ClCompile>
    <ClCompile Include="source\UI\Controls\Checkbox.cpp">
      <Filter>Source Files\UI\Controls</Filter>
    </ClCompile>
    <ClCompile Include="source\UI\Controls\Combobox.cpp">
      <Filter>Source Files\UI\Controls</Filter>
    </ClCompile>
    <ClCompile Include="source\UI\Container.cpp">
      <Filter>Source Files\UI</Filter>
    </ClCompile>
    <ClCompile Include="source\UI\Control.cpp">
      <Filter>Source Files\UI</Filter>
    </ClCompile>
    <ClCompile Include="source\Input\DragManager.cpp">
      <Filter>Source Files\Input</Filter>
    </ClCompile>
    <ClCompile Include="source\UI\Element.cpp">
      <Filter>Source Files\UI</Filter>
    </ClCompile>
    <ClCompile Include="source\UI\Controls\HorizontalDivider.cpp">
      <Filter>Source Files\UI\Controls</Filter>
    </ClCompile>
    <ClCompile Include="source\UI\Controls\HorizontalSpacer.cpp">
      <Filter>Source Files\UI\Controls</Filter>
    </ClCompile>
    <ClCompile Include="source\Core\InitsSDL.cpp">
      <Filter>Source Files\Core</Filter>
    </ClCompile>
    <ClCompile Include="source\Input\InputManager.cpp">
      <Filter>Source Files\Input</Filter>
    </ClCompile>
    <ClCompile Include="source\UI\Controls\Label.cpp">
      <Filter>Source Files\UI\Controls</Filter>
    </ClCompile>
    <ClCompile Include="source\MoreMath\MoreMath.cpp">
      <Filter>Source Files\MoreMath</Filter>
    </ClCompile>
    <ClCompile Include="source\UI\Controls\Slider.cpp">
      <Filter>Source Files\UI\Controls</Filter>
    </ClCompile>
    <ClCompile Include="source\Rendering\Text.cpp">
      <Filter>Source Files\Rendering</Filter>
    </ClCompile>
    <ClCompile Include="source\UI\Controls\Textbox.cpp">
      <Filter>Source Files\UI\Controls</Filter>
    </ClCompile>
    <ClCompile Include="source\AssetManagement\TextFile.cpp">
      <Filter>Source Files\AssetManagement</Filter>
    </ClCompile>
    <ClCompile Include="source\Utilities\Timer.cpp">
      <Filter>Source Files\Utilities</Filter>
    </ClCompile>
    <ClCompile Include="source\UI\Controls\Toggle.cpp">
      <Filter>Source Files\UI\Controls</Filter>
    </ClCompile>
    <ClCompile Include="source\MoreMath\Vec2D.cpp">
      <Filter>Source Files\MoreMath</Filter>
    </ClCompile>
    <ClCompile Include="source\MoreMath\Vec3D.cpp">
      <Filter>Source Files\MoreMath</Filter>
    </ClCompile>
    <ClCompile Include="source\Core\Window.cpp">
      <Filter>Source Files\Core</Filter>
    </ClCompile>
  </ItemGroup>
</Project>