<?xml version="1.0" encoding="utf-8"?>
<Project ToolsVersion="4.0" xmlns="http://schemas.microsoft.com/developer/msbuild/2003">
  <ItemGroup>
    <Filter Include="Source Files">
      <UniqueIdentifier>{4FC737F1-C7A5-4376-A066-2A32D752A2FF}</UniqueIdentifier>
      <Extensions>cpp;c;cc;cxx;c++;cppm;ixx;def;odl;idl;hpj;bat;asm;asmx</Extensions>
    </Filter>
    <Filter Include="Header Files">
      <UniqueIdentifier>{93995380-89BD-4b04-88EB-625FBE52EBFB}</UniqueIdentifier>
      <Extensions>h;hh;hpp;hxx;h++;hm;inl;inc;ipp;xsd</Extensions>
    </Filter>
    <Filter Include="Resource Files">
      <UniqueIdentifier>{67DA6AB6-F800-4c08-8B7A-83BB121AAD01}</UniqueIdentifier>
      <Extensions>rc;ico;cur;bmp;dlg;rc2;rct;bin;rgs;gif;jpg;jpeg;jpe;resx;tiff;tif;png;wav;mfcribbon-ms</Extensions>
    </Filter>
  </ItemGroup>
  <ItemGroup>
    <ClCompile Include="source\AssetManager.cpp">
      <Filter>Source Files</Filter>
    </ClCompile>
    <ClCompile Include="source\AudioManager.cpp">
      <Filter>Source Files</Filter>
    </ClCompile>
    <ClCompile Include="source\Canvas.cpp">
      <Filter>Source Files</Filter>
    </ClCompile>
    <ClCompile Include="source\GGApp.cpp">
      <Filter>Source Files</Filter>
    </ClCompile>
    <ClCompile Include="source\Timer.cpp">
      <Filter>Source Files</Filter>
    </ClCompile>
    <ClCompile Include="source\GGWindow.cpp">
      <Filter>Source Files</Filter>
    </ClCompile>
    <ClCompile Include="source\InitsSDL.cpp">
      <Filter>Source Files</Filter>
    </ClCompile>
    <ClCompile Include="source\InputManager.cpp">
      <Filter>Source Files</Filter>
    </ClCompile>
    <ClCompile Include="source\MoreMath.cpp">
      <Filter>Source Files</Filter>
    </ClCompile>
    <ClCompile Include="source\TextFile.cpp">
      <Filter>Source Files</Filter>
    </ClCompile>
    <ClCompile Include="source\ui\Button.cpp">
      <Filter>Source Files</Filter>
    </ClCompile>
    <ClCompile Include="source\ui\Textbox.cpp">
      <Filter>Source Files</Filter>
    </ClCompile>
    <ClCompile Include="source\ui\Combobox.cpp">
      <Filter>Source Files</Filter>
    </ClCompile>
    <ClCompile Include="source\ui\Visitor.cpp">
      <Filter>Source Files</Filter>
    </ClCompile>
    <ClCompile Include="source\Vec2D.cpp">
      <Filter>Source Files</Filter>
    </ClCompile>
    <ClCompile Include="source\ui\Element.cpp">
      <Filter>Source Files</Filter>
    </ClCompile>
    <ClCompile Include="include\ui\Scrollable.h">
      <Filter>Source Files</Filter>
    </ClCompile>
    <ClCompile Include="source\Vec3D.cpp">
      <Filter>Source Files</Filter>
    </ClCompile>
  </ItemGroup>
  <ItemGroup>
    <ClInclude Include="include\AssetManager.h">
      <Filter>Header Files</Filter>
    </ClInclude>
    <ClInclude Include="include\AudioManager.h">
      <Filter>Header Files</Filter>
    </ClInclude>
    <ClInclude Include="include\Canvas.h">
      <Filter>Header Files</Filter>
    </ClInclude>
    <ClInclude Include="include\GGApp.h">
      <Filter>Header Files</Filter>
    </ClInclude>
    <ClInclude Include="include\Timer.h">
      <Filter>Header Files</Filter>
    </ClInclude>
    <ClInclude Include="include\GGWindow.h">
      <Filter>Header Files</Filter>
    </ClInclude>
    <ClInclude Include="include\InitsSDL.h">
      <Filter>Header Files</Filter>
    </ClInclude>
    <ClInclude Include="include\InputManager.h">
      <Filter>Header Files</Filter>
    </ClInclude>
    <ClInclude Include="include\MoreMath.h">
      <Filter>Header Files</Filter>
    </ClInclude>
    <ClInclude Include="include\TextFile.h">
      <Filter>Header Files</Filter>
    </ClInclude>
    <ClInclude Include="include\ui\Button.h">
      <Filter>Header Files</Filter>
    </ClInclude>
    <ClInclude Include="include\ui\Control.h">
      <Filter>Header Files</Filter>
    </ClInclude>
    <ClInclude Include="include\ui\Checkbox.h">
      <Filter>Header Files</Filter>
    </ClInclude>
    <ClInclude Include="include\DragManager.h">
      <Filter>Header Files</Filter>
    </ClInclude>
    <ClInclude Include="include\ui\Slider.h">
      <Filter>Header Files</Filter>
    </ClInclude>
    <ClInclude Include="include\ui\Label.h">
      <Filter>Header Files</Filter>
    </ClInclude>
    <ClInclude Include="include\ui\Textbox.h">
      <Filter>Header Files</Filter>
    </ClInclude>
    <ClInclude Include="include\ui\Combobox.h">
      <Filter>Header Files</Filter>
    </ClInclude>
    <ClInclude Include="include\ui\Panel.h">
      <Filter>Header Files</Filter>
    </ClInclude>
    <ClInclude Include="include\ui\Container.h">
      <Filter>Header Files</Filter>
    </ClInclude>
    <ClInclude Include="include\ui\Element.h">
      <Filter>Header Files</Filter>
    </ClInclude>
    <ClInclude Include="include\ui\Visitor.h">
      <Filter>Header Files</Filter>
    </ClInclude>
    <ClInclude Include="include\Vec2D.h">
      <Filter>Header Files</Filter>
    </ClInclude>
    <ClInclude Include="include\ui\HorizontalSpacer.h">
      <Filter>Header Files</Filter>
    </ClInclude>
    <ClInclude Include="include\ui\HorizontalDivider.h">
      <Filter>Header Files</Filter>
    </ClInclude>
    <ClInclude Include="include\ui\Toggle.h">
      <Filter>Header Files</Filter>
    </ClInclude>
    <ClInclude Include="include\Vec3D.h">
      <Filter>Header Files</Filter>
    </ClInclude>
    <ClInclude Include="include\UI.h">
      <Filter>Header Files</Filter>
    </ClInclude>
  </ItemGroup>
</Project>