<?xml version="1.0" encoding="utf-8"?>
<Project ToolsVersion="4.0" xmlns="http://schemas.microsoft.com/developer/msbuild/2003">
  <ItemGroup>
    <Filter Include="Source Files">
      <UniqueIdentifier>{4FC737F1-C7A5-4376-A066-2A32D752A2FF}</UniqueIdentifier>
      <Extensions>cpp;c;cc;cxx;c++;cppm;ixx;def;odl;idl;hpj;bat;asm;asmx</Extensions>
    </Filter>
    <Filter Include="Header Files">
      <UniqueIdentifier>{93995380-89BD-4b04-88EB-625FBE52EBFB}</UniqueIdentifier>
      <Extensions>h;hh;hpp;hxx;h++;hm;inl;inc;ipp;xsd</Extensions>
    </Filter>
    <Filter Include="Resource Files">
      <UniqueIdentifier>{67DA6AB6-F800-4c08-8B7A-83BB121AAD01}</UniqueIdentifier>
      <Extensions>rc;ico;cur;bmp;dlg;rc2;rct;bin;rgs;gif;jpg;jpeg;jpe;resx;tiff;tif;png;wav;mfcribbon-ms</Extensions>
    </Filter>
  </ItemGroup>
  <ItemGroup>
    <ClInclude Include="include\GG\AssetManagement\AssetManager.h">
      <Filter>Header Files</Filter>
    </ClInclude>
    <ClInclude Include="include\GG\AssetManagement\AudioManager.h">
      <Filter>Header Files</Filter>
    </ClInclude>
    <ClInclude Include="include\GG\AssetManagement\TextFile.h">
      <Filter>Header Files</Filter>
    </ClInclude>
    <ClInclude Include="include\GG\Core\GGApp.h">
      <Filter>Header Files</Filter>
    </ClInclude>
    <ClInclude Include="include\GG\Core\GGWindow.h">
      <Filter>Header Files</Filter>
    </ClInclude>
    <ClInclude Include="include\GG\Core\InitsSDL.h">
      <Filter>Header Files</Filter>
    </ClInclude>
    <ClInclude Include="include\GG\MoreMath\MoreMath.h">
      <Filter>Header Files</Filter>
    </ClInclude>
    <ClInclude Include="include\GG\MoreMath\Vec2D.h">
      <Filter>Header Files</Filter>
    </ClInclude>
    <ClInclude Include="include\GG\MoreMath\Vec3D.h">
      <Filter>Header Files</Filter>
    </ClInclude>
    <ClInclude Include="include\GG\Rendering\Canvas.h">
      <Filter>Header Files</Filter>
    </ClInclude>
    <ClInclude Include="include\GG\Rendering\Text.h">
      <Filter>Header Files</Filter>
    </ClInclude>
    <ClInclude Include="include\GG\UI\Controls\Button.h">
      <Filter>Header Files</Filter>
    </ClInclude>
    <ClInclude Include="include\GG\UI\Controls\Checkbox.h">
      <Filter>Header Files</Filter>
    </ClInclude>
    <ClInclude Include="include\GG\UI\Controls\Combobox.h">
      <Filter>Header Files</Filter>
    </ClInclude>
    <ClInclude Include="include\GG\UI\Container.h">
      <Filter>Header Files</Filter>
    </ClInclude>
    <ClInclude Include="include\GG\UI\Control.h">
      <Filter>Header Files</Filter>
    </ClInclude>
    <ClInclude Include="include\GG\UI\Element.h">
      <Filter>Header Files</Filter>
    </ClInclude>
    <ClInclude Include="include\GG\UI\FileDialog.h">
      <Filter>Header Files</Filter>
    </ClInclude>
    <ClInclude Include="include\GG\UI\Controls\HorizontalDivider.h">
      <Filter>Header Files</Filter>
    </ClInclude>
    <ClInclude Include="include\GG\UI\Controls\HorizontalSpacer.h">
      <Filter>Header Files</Filter>
    </ClInclude>
    <ClInclude Include="include\GG\UI\Controls\Label.h">
      <Filter>Header Files</Filter>
    </ClInclude>
    <ClInclude Include="include\GG\UI\Controls\Slider.h">
      <Filter>Header Files</Filter>
    </ClInclude>
    <ClInclude Include="include\GG\UI\Controls\Textbox.h">
      <Filter>Header Files</Filter>
    </ClInclude>
    <ClInclude Include="include\GG\UI\Controls\Toggle.h">
      <Filter>Header Files</Filter>
    </ClInclude>
    <ClInclude Include="include\GG\UI\UI.h">
      <Filter>Header Files</Filter>
    </ClInclude>
    <ClInclude Include="include\GG\UI\Enums.h">
      <Filter>Header Files</Filter>
    </ClInclude>
    <ClInclude Include="include\GG\UI\Visitor.h">
      <Filter>Header Files</Filter>
    </ClInclude>
    <ClInclude Include="include\GG\Utilities\Timer.h">
      <Filter>Header Files</Filter>
    </ClInclude>
    <ClInclude Include="include\GG\Input\DragManager.h">
      <Filter>Header Files</Filter>
    </ClInclude>
    <ClInclude Include="include\GG\Input\InputManager.h">
      <Filter>Header Files</Filter>
    </ClInclude>
  </ItemGroup>
  <ItemGroup>
    <ClCompile Include="source\Utilities\Timer.cpp">
      <Filter>Source Files</Filter>
    </ClCompile>
    <ClCompile Include="source\AssetManagement\AssetManager.cpp">
      <Filter>Source Files</Filter>
    </ClCompile>
    <ClCompile Include="source\AssetManagement\AudioManager.cpp">
      <Filter>Source Files</Filter>
    </ClCompile>
    <ClCompile Include="source\AssetManagement\TextFile.cpp">
      <Filter>Source Files</Filter>
    </ClCompile>
    <ClCompile Include="source\Core\GGApp.cpp">
      <Filter>Source Files</Filter>
    </ClCompile>
    <ClCompile Include="source\Core\GGWindow.cpp">
      <Filter>Source Files</Filter>
    </ClCompile>
    <ClCompile Include="source\Core\InitsSDL.cpp">
      <Filter>Source Files</Filter>
    </ClCompile>
    <ClCompile Include="source\UI\Controls\Button.cpp">
      <Filter>Source Files</Filter>
    </ClCompile>
    <ClCompile Include="source\UI\Controls\Combobox.cpp">
      <Filter>Source Files</Filter>
    </ClCompile>
    <ClCompile Include="source\UI\Element.cpp">
      <Filter>Source Files</Filter>
    </ClCompile>
    <ClCompile Include="source\UI\Controls\Textbox.cpp">
      <Filter>Source Files</Filter>
    </ClCompile>
    <ClCompile Include="source\UI\Visitor.cpp">
      <Filter>Source Files</Filter>
    </ClCompile>
    <ClCompile Include="source\UI\Visitor_Autosize_Horizontal.cpp">
      <Filter>Source Files</Filter>
    </ClCompile>
    <ClCompile Include="source\UI\Visitor_Autosize_Vertical.cpp">
      <Filter>Source Files</Filter>
    </ClCompile>
    <ClCompile Include="source\UI\Visitor_CalculateMinimumSizing.cpp">
      <Filter>Source Files</Filter>
    </ClCompile>
    <ClCompile Include="source\UI\Visitor_DestroySelfAndChildren.cpp">
      <Filter>Source Files</Filter>
    </ClCompile>
    <ClCompile Include="source\UI\Visitor_GetChildren.cpp">
      <Filter>Source Files</Filter>
    </ClCompile>
    <ClCompile Include="source\UI\Visitor_GrowShrink_Horizontal.cpp">
      <Filter>Source Files</Filter>
    </ClCompile>
    <ClCompile Include="source\UI\Visitor_GrowShrink_Vertical.cpp">
      <Filter>Source Files</Filter>
    </ClCompile>
    <ClCompile Include="source\UI\Visitor_Positions.cpp">
      <Filter>Source Files</Filter>
    </ClCompile>
    <ClCompile Include="source\UI\Visitor_SetInputManager.cpp">
      <Filter>Source Files</Filter>
    </ClCompile>
    <ClCompile Include="source\UI\Visitor_WrapText.cpp">
      <Filter>Source Files</Filter>
    </ClCompile>
    <ClCompile Include="source\Input\InputManager.cpp">
      <Filter>Source Files</Filter>
    </ClCompile>
    <ClCompile Include="source\MoreMath\MoreMath.cpp">
      <Filter>Source Files</Filter>
    </ClCompile>
    <ClCompile Include="source\MoreMath\Vec2D.cpp">
      <Filter>Source Files</Filter>
    </ClCompile>
    <ClCompile Include="source\MoreMath\Vec3D.cpp">
      <Filter>Source Files</Filter>
    </ClCompile>
    <ClCompile Include="source\Rendering\Canvas.cpp">
      <Filter>Source Files</Filter>
    </ClCompile>
    <ClCompile Include="source\Rendering\Text.cpp">
      <Filter>Source Files</Filter>
    </ClCompile>
    <ClCompile Include="source\Input\DragManager.cpp">
      <Filter>Source Files</Filter>
    </ClCompile>
    <ClCompile Include="source\UI\Controls\Checkbox.cpp">
      <Filter>Source Files</Filter>
    </ClCompile>
    <ClCompile Include="source\UI\Container.cpp">
      <Filter>Source Files</Filter>
    </ClCompile>
    <ClCompile Include="source\UI\Control.cpp">
      <Filter>Source Files</Filter>
    </ClCompile>
    <ClCompile Include="source\UI\FileDialog.cpp">
      <Filter>Source Files</Filter>
    </ClCompile>
    <ClCompile Include="source\UI\Controls\HorizontalDivider.cpp">
      <Filter>Source Files</Filter>
    </ClCompile>
    <ClCompile Include="source\UI\Controls\HorizontalSpacer.cpp">
      <Filter>Source Files</Filter>
    </ClCompile>
    <ClCompile Include="source\UI\Controls\Label.cpp">
      <Filter>Source Files</Filter>
    </ClCompile>
    <ClCompile Include="source\UI\Controls\Slider.cpp">
      <Filter>Source Files</Filter>
    </ClCompile>
    <ClCompile Include="source\UI\Controls\Toggle.cpp">
      <Filter>Source Files</Filter>
    </ClCompile>
  </ItemGroup>
</Project>